
Microsoft Visual Studio Solution File, Format Version 12.00
# Visual Studio Version 17
VisualStudioVersion = 17.5.002.0
MinimumVisualStudioVersion = 10.0.40219.1
Project("{2150E333-8FDC-42A3-9474-1A3956D46DE8}") = "Part 5", "Part 5", "{D8324A5E-49A4-427D-A322-BE103557FCEA}"
EndProject
Project("{2150E333-8FDC-42A3-9474-1A3956D46DE8}") = "Create methods in C# console applications", "Create methods in C# console applications", "{481D20BD-33EF-427D-AA6A-3E0269DF03AA}"
EndProject
Project("{2150E333-8FDC-42A3-9474-1A3956D46DE8}") = "Projects", "Projects", "{0A5C6345-3405-4FD3-A453-3990EC823584}"
EndProject
Project("{9A19103F-16F7-4668-BE54-9A1E7A4F7556}") = "MiniGameFinal", "Part 5\Create methods in C# console applications\Projects\MiniGameFinal\MiniGameFinal.csproj", "{3E465013-1BE4-46AF-8FED-C1269391B5D5}"
EndProject
Project("{2150E333-8FDC-42A3-9474-1A3956D46DE8}") = "Part 6", "Part 6", "{49E283B2-9929-4439-9F45-181BB6F24A3C}"
EndProject
Project("{2150E333-8FDC-42A3-9474-1A3956D46DE8}") = "Debug C# console applications", "Debug C# console applications", "{8EE30F19-2F94-4971-A6B6-F82820FEA767}"
EndProject
Project("{2150E333-8FDC-42A3-9474-1A3956D46DE8}") = "Projects", "Projects", "{199ECF9B-CF71-4494-9D9F-52DB2DB5C087}"
EndProject
Project("{9A19103F-16F7-4668-BE54-9A1E7A4F7556}") = "Debug101", "Part 6\Debug C# console applications\Projects\Debug101\Debug101.csproj", "{25BC949D-F274-4F30-BAFF-120ECA9D3246}"
EndProject
Global
	GlobalSection(SolutionConfigurationPlatforms) = preSolution
		Debug|Any CPU = Debug|Any CPU
		Release|Any CPU = Release|Any CPU
	EndGlobalSection
	GlobalSection(ProjectConfigurationPlatforms) = postSolution
		{3E465013-1BE4-46AF-8FED-C1269391B5D5}.Debug|Any CPU.ActiveCfg = Debug|Any CPU
		{3E465013-1BE4-46AF-8FED-C1269391B5D5}.Debug|Any CPU.Build.0 = Debug|Any CPU
		{3E465013-1BE4-46AF-8FED-C1269391B5D5}.Release|Any CPU.ActiveCfg = Release|Any CPU
		{3E465013-1BE4-46AF-8FED-C1269391B5D5}.Release|Any CPU.Build.0 = Release|Any CPU
		{25BC949D-F274-4F30-BAFF-120ECA9D3246}.Debug|Any CPU.ActiveCfg = Debug|Any CPU
		{25BC949D-F274-4F30-BAFF-120ECA9D3246}.Debug|Any CPU.Build.0 = Debug|Any CPU
		{25BC949D-F274-4F30-BAFF-120ECA9D3246}.Release|Any CPU.ActiveCfg = Release|Any CPU
		{25BC949D-F274-4F30-BAFF-120ECA9D3246}.Release|Any CPU.Build.0 = Release|Any CPU
	EndGlobalSection
	GlobalSection(SolutionProperties) = preSolution
		HideSolutionNode = FALSE
	EndGlobalSection
	GlobalSection(NestedProjects) = preSolution
		{481D20BD-33EF-427D-AA6A-3E0269DF03AA} = {D8324A5E-49A4-427D-A322-BE103557FCEA}
		{0A5C6345-3405-4FD3-A453-3990EC823584} = {481D20BD-33EF-427D-AA6A-3E0269DF03AA}
		{3E465013-1BE4-46AF-8FED-C1269391B5D5} = {0A5C6345-3405-4FD3-A453-3990EC823584}
		{8EE30F19-2F94-4971-A6B6-F82820FEA767} = {49E283B2-9929-4439-9F45-181BB6F24A3C}
		{199ECF9B-CF71-4494-9D9F-52DB2DB5C087} = {8EE30F19-2F94-4971-A6B6-F82820FEA767}
		{25BC949D-F274-4F30-BAFF-120ECA9D3246} = {199ECF9B-CF71-4494-9D9F-52DB2DB5C087}
	EndGlobalSection
	GlobalSection(ExtensibilityGlobals) = postSolution
		SolutionGuid = {B543F4AD-5995-4826-8240-064CFCB827C2}
	EndGlobalSection
EndGlobal
